{
  "name": "vanilla",
  "version": "1.0.0",
  "lockfileVersion": 3,
  "requires": true,
  "packages": {
    "": {
      "name": "vanilla",
      "version": "1.0.0",
      "license": "ISC",
      "devDependencies": {
        "@stary/depmonitor": "^1.0.0",
        "husky": "^9.0.11"
      }
    },
    "node_modules/@stary/depmonitor": {
      "version": "1.0.0",
      "resolved": "http://npm.stary.ltd:80/@stary%2fdepmonitor/-/depmonitor-1.0.0.tgz",
      "integrity": "sha512-X5xdXtEfU69liTWoJrDwEddh4ggJ4jbiNBlM8utPHCDOQhk4rjQM56oyMd/jNxP7aNkTg0X3cBbj0vn/b4WZkA==",
      "dev": true,
      "license": "ISC",
      "bin": {
        "depmonitor": "bin/index.js"
      }
    },
    "node_modules/husky": {
      "version": "9.0.11",
      "resolved": "http://npm.stary.ltd:80/husky/-/husky-9.0.11.tgz",
      "integrity": "sha512-AB6lFlbwwyIqMdHYhwPe+kjOC3Oc5P3nThEoW/AaO2BX3vJDjWPFxYLxokUZOo6RNX20He3AaT8sESs9NJcmEw==",
      "dev": true,
      "license": "MIT",
      "bin": {
        "husky": "bin.mjs"
      },
      "engines": {
        "node": ">=18"
      },
      "funding": {
        "url": "https://github.com/sponsors/typicode"
      }
    }
  }
}
